PODS:
  - Flutter (1.0.0)
  - flutter_blue (0.0.1):
    - Flutter
    - flutter_blue/Protos (= 0.0.1)
  - flutter_blue/Protos (0.0.1):
    - Flutter
    - Protobuf (~> 3.11.4)
  - geolocator_apple (1.2.0):
    - Flutter
  - Protobuf (3.11.4)
  - speech_to_text (0.0.1):
    - Flutter
    - FlutterMacOS
    - Try
  - Try (2.1.1)

DEPENDENCIES:
  - Flutter (from `Flutter`)
  - flutter_blue (from `.symlinks/plugins/flutter_blue/ios`)
  - geolocator_apple (from `.symlinks/plugins/geolocator_apple/ios`)
  - speech_to_text (from `.symlinks/plugins/speech_to_text/darwin`)

SPEC REPOS:
  trunk:
    - Protobuf
    - Try

EXTERNAL SOURCES:
  Flutter:
    :path: Flutter
  flutter_blue:
    :path: ".symlinks/plugins/flutter_blue/ios"
  geolocator_apple:
    :path: ".symlinks/plugins/geolocator_apple/ios"
  speech_to_text:
    :path: ".symlinks/plugins/speech_to_text/darwin"

SPEC CHECKSUMS:
  Flutter: e0871f40cf51350855a761d2e70bf5af5b9b5de7
  flutter_blue: eeb381dc4727a0954dede73515f683865494b370
  geolocator_apple: 6cbaf322953988e009e5ecb481f07efece75c450
  Protobuf: 176220c526ad8bd09ab1fb40a978eac3fef665f7
  speech_to_text: 627d3fd2194770b51abb324ba45c2d39398f24a8
  Try: 5ef669ae832617b3cee58cb2c6f99fb767a4ff96

PODFILE CHECKSUM: 819463e6a0290f5a72f145ba7cde16e8b6ef0796

COCOAPODS: 1.15.2
